
Microsoft Visual Studio Solution File, Format Version 12.00
# Visual Studio Version 16
VisualStudioVersion = 16.0.28922.388
MinimumVisualStudioVersion = 10.0.40219.1
Project("{FAE04EC0-301F-11D3-BF4B-00C04F79EFBC}") = "SMM2DL", "SMM2DL.csproj", "{8AAECAD5-2E41-4EEC-A771-1D86D239D44E}"
EndProject
Global
	GlobalSection(SolutionConfigurationPlatforms) = preSolution
		Debug|Any CPU = Debug|Any CPU
		Release|Any CPU = Release|Any CPU
	EndGlobalSection
	GlobalSection(ProjectConfigurationPlatforms) = postSolution
		{8AAECAD5-2E41-4EEC-A771-1D86D239D44E}.Debug|Any CPU.ActiveCfg = Debug|Any CPU
		{8AAECAD5-2E41-4EEC-A771-1D86D239D44E}.Debug|Any CPU.Build.0 = Debug|Any CPU
		{8AAECAD5-2E41-4EEC-A771-1D86D239D44E}.Release|Any CPU.ActiveCfg = Release|Any CPU
		{8AAECAD5-2E41-4EEC-A771-1D86D239D44E}.Release|Any CPU.Build.0 = Release|Any CPU
	EndGlobalSection
	GlobalSection(SolutionProperties) = preSolution
		HideSolutionNode = FALSE
	EndGlobalSection
	GlobalSection(ExtensibilityGlobals) = postSolution
		SolutionGuid = {62E2CE35-606C-4B93-B95F-EAC022C1C6F5}
	EndGlobalSection
EndGlobal
